// !$*UTF8*$!
{
	archiveVersion = 1;
	classes = {
	};
	objectVersion = 46;
	objects = {

/* Begin PBXBuildFile section */
		5CF345A08FA57E007576FCC4 /* Pods_ForecastApp.framework in Frameworks */ = {isa = PBXBuildFile; fileRef = 757F4DB25EC5EE07D22F4F29 /* Pods_ForecastApp.framework */; };
		DA2A239C1ED42FAB008554AB /* MainScreenTableViewCell.swift in Sources */ = {isa = PBXBuildFile; fileRef = DA2A239B1ED42FAB008554AB /* MainScreenTableViewCell.swift */; };
		DA2A239E1ED42FD0008554AB /* MainScreenViewController.swift in Sources */ = {isa = PBXBuildFile; fileRef = DA2A239D1ED42FD0008554AB /* MainScreenViewController.swift */; };
		DA2A23A01ED43F73008554AB /* DetailViewController.swift in Sources */ = {isa = PBXBuildFile; fileRef = DA2A239F1ED43F73008554AB /* DetailViewController.swift */; };
		DA2A23A21ED44EEC008554AB /* WeatherDetailViewController.swift in Sources */ = {isa = PBXBuildFile; fileRef = DA2A23A11ED44EEC008554AB /* WeatherDetailViewController.swift */; };
		DA5DB3E41ED450C600FE5B05 /* WeatherDetailTableViewCell.swift in Sources */ = {isa = PBXBuildFile; fileRef = DA5DB3E31ED450C600FE5B05 /* WeatherDetailTableViewCell.swift */; };
		DA6B062A1ED1808300B25EFF /* NetworkManager.swift in Sources */ = {isa = PBXBuildFile; fileRef = DA6B06291ED1808300B25EFF /* NetworkManager.swift */; };
		DA6B062C1ED1812C00B25EFF /* JSONParser.swift in Sources */ = {isa = PBXBuildFile; fileRef = DA6B062B1ED1812C00B25EFF /* JSONParser.swift */; };
		DA6B062E1ED20C7600B25EFF /* Weather.swift in Sources */ = {isa = PBXBuildFile; fileRef = DA6B062D1ED20C7600B25EFF /* Weather.swift */; };
		DA70C48D1ED39A9800619A40 /* MainTabBarViewController.swift in Sources */ = {isa = PBXBuildFile; fileRef = DA70C48C1ED39A9800619A40 /* MainTabBarViewController.swift */; };
		DA70C4931ED3A04100619A40 /* FavoritesTableViewController.swift in Sources */ = {isa = PBXBuildFile; fileRef = DA70C4921ED3A04100619A40 /* FavoritesTableViewController.swift */; };
		DA70C4951ED3A1AD00619A40 /* FavoritesTableViewCell.swift in Sources */ = {isa = PBXBuildFile; fileRef = DA70C4941ED3A1AD00619A40 /* FavoritesTableViewCell.swift */; };
		DA7272271ECC0CFA002D9A75 /* AppDelegate.swift in Sources */ = {isa = PBXBuildFile; fileRef = DA7272261ECC0CFA002D9A75 /* AppDelegate.swift */; };
		DA7272291ECC0CFA002D9A75 /* WeatherViewController.swift in Sources */ = {isa = PBXBuildFile; fileRef = DA7272281ECC0CFA002D9A75 /* WeatherViewController.swift */; };
		DA72722C1ECC0CFA002D9A75 /* Main.storyboard in Resources */ = {isa = PBXBuildFile; fileRef = DA72722A1ECC0CFA002D9A75 /* Main.storyboard */; };
		DA72722E1ECC0CFA002D9A75 /* Assets.xcassets in Resources */ = {isa = PBXBuildFile; fileRef = DA72722D1ECC0CFA002D9A75 /* Assets.xcassets */; };
		DA7272311ECC0CFB002D9A75 /* LaunchScreen.storyboard in Resources */ = {isa = PBXBuildFile; fileRef = DA72722F1ECC0CFB002D9A75 /* LaunchScreen.storyboard */; };
/* End PBXBuildFile section */

/* Begin PBXFileReference section */
		19BC3A04545263971C56339A /* Pods-ForecastApp.release.xcconfig */ = {isa = PBXFileReference; includeInIndex = 1; lastKnownFileType = text.xcconfig; name = "Pods-ForecastApp.release.xcconfig"; path = "Pods/Target Support Files/Pods-ForecastApp/Pods-ForecastApp.release.xcconfig"; sourceTree = "<group>"; };
		58A27EA42D702F57F2B459D3 /* Pods-ForecastApp.debug.xcconfig */ = {isa = PBXFileReference; includeInIndex = 1; lastKnownFileType = text.xcconfig; name = "Pods-ForecastApp.debug.xcconfig"; path = "Pods/Target Support Files/Pods-ForecastApp/Pods-ForecastApp.debug.xcconfig"; sourceTree = "<group>"; };
		757F4DB25EC5EE07D22F4F29 /* Pods_ForecastApp.framework */ = {isa = PBXFileReference; explicitFileType = wrapper.framework; includeInIndex = 0; path = Pods_ForecastApp.framework; sourceTree = BUILT_PRODUCTS_DIR; };
		DA2A239B1ED42FAB008554AB /* MainScreenTableViewCell.swift */ = {isa = PBXFileReference; fileEncoding = 4; lastKnownFileType = sourcecode.swift; path = MainScreenTableViewCell.swift; sourceTree = "<group>"; };
		DA2A239D1ED42FD0008554AB /* MainScreenViewController.swift */ = {isa = PBXFileReference; fileEncoding = 4; lastKnownFileType = sourcecode.swift; path = MainScreenViewController.swift; sourceTree = "<group>"; };
		DA2A239F1ED43F73008554AB /* DetailViewController.swift */ = {isa = PBXFileReference; fileEncoding = 4; lastKnownFileType = sourcecode.swift; path = DetailViewController.swift; sourceTree = "<group>"; };
		DA2A23A11ED44EEC008554AB /* WeatherDetailViewController.swift */ = {isa = PBXFileReference; fileEncoding = 4; lastKnownFileType = sourcecode.swift; path = WeatherDetailViewController.swift; sourceTree = "<group>"; };
		DA5DB3E31ED450C600FE5B05 /* WeatherDetailTableViewCell.swift */ = {isa = PBXFileReference; fileEncoding = 4; lastKnownFileType = sourcecode.swift; path = WeatherDetailTableViewCell.swift; sourceTree = "<group>"; };
		DA6B06291ED1808300B25EFF /* NetworkManager.swift */ = {isa = PBXFileReference; fileEncoding = 4; lastKnownFileType = sourcecode.swift; path = NetworkManager.swift; sourceTree = "<group>"; };
		DA6B062B1ED1812C00B25EFF /* JSONParser.swift */ = {isa = PBXFileReference; fileEncoding = 4; lastKnownFileType = sourcecode.swift; path = JSONParser.swift; sourceTree = "<group>"; };
		DA6B062D1ED20C7600B25EFF /* Weather.swift */ = {isa = PBXFileReference; fileEncoding = 4; lastKnownFileType = sourcecode.swift; path = Weather.swift; sourceTree = "<group>"; };
		DA70C48C1ED39A9800619A40 /* MainTabBarViewController.swift */ = {isa = PBXFileReference; fileEncoding = 4; lastKnownFileType = sourcecode.swift; path = MainTabBarViewController.swift; sourceTree = "<group>"; };
		DA70C4921ED3A04100619A40 /* FavoritesTableViewController.swift */ = {isa = PBXFileReference; fileEncoding = 4; lastKnownFileType = sourcecode.swift; path = FavoritesTableViewController.swift; sourceTree = "<group>"; };
		DA70C4941ED3A1AD00619A40 /* FavoritesTableViewCell.swift */ = {isa = PBXFileReference; fileEncoding = 4; lastKnownFileType = sourcecode.swift; path = FavoritesTableViewCell.swift; sourceTree = "<group>"; };
		DA7272231ECC0CFA002D9A75 /* ForecastApp.app */ = {isa = PBXFileReference; explicitFileType = wrapper.application; includeInIndex = 0; path = ForecastApp.app; sourceTree = BUILT_PRODUCTS_DIR; };
		DA7272261ECC0CFA002D9A75 /* AppDelegate.swift */ = {isa = PBXFileReference; lastKnownFileType = sourcecode.swift; path = AppDelegate.swift; sourceTree = "<group>"; };
		DA7272281ECC0CFA002D9A75 /* WeatherViewController.swift */ = {isa = PBXFileReference; lastKnownFileType = sourcecode.swift; path = WeatherViewController.swift; sourceTree = "<group>"; };
		DA72722B1ECC0CFA002D9A75 /* Base */ = {isa = PBXFileReference; lastKnownFileType = file.storyboard; name = Base; path = Base.lproj/Main.storyboard; sourceTree = "<group>"; };
		DA72722D1ECC0CFA002D9A75 /* Assets.xcassets */ = {isa = PBXFileReference; lastKnownFileType = folder.assetcatalog; path = Assets.xcassets; sourceTree = "<group>"; };
		DA7272301ECC0CFB002D9A75 /* Base */ = {isa = PBXFileReference; lastKnownFileType = file.storyboard; name = Base; path = Base.lproj/LaunchScreen.storyboard; sourceTree = "<group>"; };
		DA7272321ECC0CFB002D9A75 /* Info.plist */ = {isa = PBXFileReference; lastKnownFileType = text.plist.xml; path = Info.plist; sourceTree = "<group>"; };
/* End PBXFileReference section */

/* Begin PBXFrameworksBuildPhase section */
		DA7272201ECC0CFA002D9A75 /* Frameworks */ = {
			isa = PBXFrameworksBuildPhase;
			buildActionMask = 2147483647;
			files = (
				5CF345A08FA57E007576FCC4 /* Pods_ForecastApp.framework in Frameworks */,
			);
			runOnlyForDeploymentPostprocessing = 0;
		};
/* End PBXFrameworksBuildPhase section */

/* Begin PBXGroup section */
		2BABE31F62E93146095FB1D9 /* Pods */ = {
			isa = PBXGroup;
			children = (
				58A27EA42D702F57F2B459D3 /* Pods-ForecastApp.debug.xcconfig */,
				19BC3A04545263971C56339A /* Pods-ForecastApp.release.xcconfig */,
			);
			name = Pods;
			sourceTree = "<group>";
		};
		DA70C48E1ED39E6000619A40 /* Model */ = {
			isa = PBXGroup;
			children = (
				DA7272261ECC0CFA002D9A75 /* AppDelegate.swift */,
				DA6B062B1ED1812C00B25EFF /* JSONParser.swift */,
				DA6B06291ED1808300B25EFF /* NetworkManager.swift */,
				DA6B062D1ED20C7600B25EFF /* Weather.swift */,
			);
			name = Model;
			sourceTree = "<group>";
		};
		DA70C48F1ED39E6800619A40 /* View */ = {
			isa = PBXGroup;
			children = (
				DA70C4941ED3A1AD00619A40 /* FavoritesTableViewCell.swift */,
				DA2A239B1ED42FAB008554AB /* MainScreenTableViewCell.swift */,
				DA5DB3E31ED450C600FE5B05 /* WeatherDetailTableViewCell.swift */,
			);
			name = View;
			sourceTree = "<group>";
		};
		DA70C4901ED39E6C00619A40 /* Controllers */ = {
			isa = PBXGroup;
			children = (
				DA70C4921ED3A04100619A40 /* FavoritesTableViewController.swift */,
				DA70C48C1ED39A9800619A40 /* MainTabBarViewController.swift */,
				DA7272281ECC0CFA002D9A75 /* WeatherViewController.swift */,
				DA2A239D1ED42FD0008554AB /* MainScreenViewController.swift */,
			);
			name = Controllers;
			sourceTree = "<group>";
		};
		DA70C4911ED39E7400619A40 /* UI */ = {
			isa = PBXGroup;
			children = (
				DA72722F1ECC0CFB002D9A75 /* LaunchScreen.storyboard */,
				DA72722A1ECC0CFA002D9A75 /* Main.storyboard */,
			);
			name = UI;
			sourceTree = "<group>";
		};
		DA72721A1ECC0CFA002D9A75 = {
			isa = PBXGroup;
			children = (
				DA7272251ECC0CFA002D9A75 /* ForecastApp */,
				DA7272241ECC0CFA002D9A75 /* Products */,
				2BABE31F62E93146095FB1D9 /* Pods */,
				F704558C5ED832ACF58717E4 /* Frameworks */,
			);
			sourceTree = "<group>";
		};
		DA7272241ECC0CFA002D9A75 /* Products */ = {
			isa = PBXGroup;
			children = (
				DA7272231ECC0CFA002D9A75 /* ForecastApp.app */,
			);
			name = Products;
			sourceTree = "<group>";
		};
		DA7272251ECC0CFA002D9A75 /* ForecastApp */ = {
			isa = PBXGroup;
			children = (
				DA70C4911ED39E7400619A40 /* UI */,
				DA70C4901ED39E6C00619A40 /* Controllers */,
				DA70C48F1ED39E6800619A40 /* View */,
				DA70C48E1ED39E6000619A40 /* Model */,
				DA72722D1ECC0CFA002D9A75 /* Assets.xcassets */,
				DA7272321ECC0CFB002D9A75 /* Info.plist */,
				DA2A239F1ED43F73008554AB /* DetailViewController.swift */,
				DA2A23A11ED44EEC008554AB /* WeatherDetailViewController.swift */,
			);
			path = ForecastApp;
			sourceTree = "<group>";
		};
		F704558C5ED832ACF58717E4 /* Frameworks */ = {
			isa = PBXGroup;
			children = (
				757F4DB25EC5EE07D22F4F29 /* Pods_ForecastApp.framework */,
			);
			name = Frameworks;
			sourceTree = "<group>";
		};
/* End PBXGroup section */

/* Begin PBXNativeTarget section */
		DA7272221ECC0CFA002D9A75 /* ForecastApp */ = {
			isa = PBXNativeTarget;
			buildConfigurationList = DA7272351ECC0CFB002D9A75 /* Build configuration list for PBXNativeTarget "ForecastApp" */;
			buildPhases = (
				71D60F582187DB658174CA55 /* [CP] Check Pods Manifest.lock */,
				DA72721F1ECC0CFA002D9A75 /* Sources */,
				DA7272201ECC0CFA002D9A75 /* Frameworks */,
				DA7272211ECC0CFA002D9A75 /* Resources */,
				EA7343A4BC2236AE1FECE945 /* [CP] Embed Pods Frameworks */,
				4867296D54521381F7C34D34 /* [CP] Copy Pods Resources */,
			);
			buildRules = (
			);
			dependencies = (
			);
			name = ForecastApp;
			productName = ForecastApp;
			productReference = DA7272231ECC0CFA002D9A75 /* ForecastApp.app */;
			productType = "com.apple.product-type.application";
		};
/* End PBXNativeTarget section */

/* Begin PBXProject section */
		DA72721B1ECC0CFA002D9A75 /* Project object */ = {
			isa = PBXProject;
			attributes = {
				LastSwiftUpdateCheck = 0830;
				LastUpgradeCheck = 0830;
				ORGANIZATIONNAME = leomoon;
				TargetAttributes = {
					DA7272221ECC0CFA002D9A75 = {
						CreatedOnToolsVersion = 8.3.2;
						DevelopmentTeam = WV7WWTD5PV;
						ProvisioningStyle = Automatic;
					};
				};
			};
			buildConfigurationList = DA72721E1ECC0CFA002D9A75 /* Build configuration list for PBXProject "ForecastApp" */;
			compatibilityVersion = "Xcode 3.2";
			developmentRegion = English;
			hasScannedForEncodings = 0;
			knownRegions = (
				en,
				Base,
			);
			mainGroup = DA72721A1ECC0CFA002D9A75;
			productRefGroup = DA7272241ECC0CFA002D9A75 /* Products */;
			projectDirPath = "";
			projectRoot = "";
			targets = (
				DA7272221ECC0CFA002D9A75 /* ForecastApp */,
			);
		};
/* End PBXProject section */

/* Begin PBXResourcesBuildPhase section */
		DA7272211ECC0CFA002D9A75 /* Resources */ = {
			isa = PBXResourcesBuildPhase;
			buildActionMask = 2147483647;
			files = (
				DA7272311ECC0CFB002D9A75 /* LaunchScreen.storyboard in Resources */,
				DA72722E1ECC0CFA002D9A75 /* Assets.xcassets in Resources */,
				DA72722C1ECC0CFA002D9A75 /* Main.storyboard in Resources */,
			);
			runOnlyForDeploymentPostprocessing = 0;
		};
/* End PBXResourcesBuildPhase section */

/* Begin PBXShellScriptBuildPhase section */
		4867296D54521381F7C34D34 /* [CP] Copy Pods Resources */ = {
			isa = PBXShellScriptBuildPhase;
			buildActionMask = 2147483647;
			files = (
			);
			inputPaths = (
			);
			name = "[CP] Copy Pods Resources";
			outputPaths = (
			);
			runOnlyForDeploymentPostprocessing = 0;
			shellPath = /bin/sh;
			shellScript = "\"${SRCROOT}/Pods/Target Support Files/Pods-ForecastApp/Pods-ForecastApp-resources.sh\"\n";
			showEnvVarsInLog = 0;
		};
		71D60F582187DB658174CA55 /* [CP] Check Pods Manifest.lock */ = {
			isa = PBXShellScriptBuildPhase;
			buildActionMask = 2147483647;
			files = (
			);
			inputPaths = (
			);
			name = "[CP] Check Pods Manifest.lock";
			outputPaths = (
			);
			runOnlyForDeploymentPostprocessing = 0;
			shellPath = /bin/sh;
			shellScript = "diff \"${PODS_PODFILE_DIR_PATH}/Podfile.lock\" \"${PODS_ROOT}/Manifest.lock\" > /dev/null\nif [ $? != 0 ] ; then\n    # print error to STDERR\n    echo \"error: The sandbox is not in sync with the Podfile.lock. Run 'pod install' or update your CocoaPods installation.\" >&2\n    exit 1\nfi\n";
			showEnvVarsInLog = 0;
		};
		EA7343A4BC2236AE1FECE945 /* [CP] Embed Pods Frameworks */ = {
			isa = PBXShellScriptBuildPhase;
			buildActionMask = 2147483647;
			files = (
			);
			inputPaths = (
			);
			name = "[CP] Embed Pods Frameworks";
			outputPaths = (
			);
			runOnlyForDeploymentPostprocessing = 0;
			shellPath = /bin/sh;
			shellScript = "\"${SRCROOT}/Pods/Target Support Files/Pods-ForecastApp/Pods-ForecastApp-frameworks.sh\"\n";
			showEnvVarsInLog = 0;
		};
/* End PBXShellScriptBuildPhase section */

/* Begin PBXSourcesBuildPhase section */
		DA72721F1ECC0CFA002D9A75 /* Sources */ = {
			isa = PBXSourcesBuildPhase;
			buildActionMask = 2147483647;
			files = (
				DA2A23A01ED43F73008554AB /* DetailViewController.swift in Sources */,
				DA6B062A1ED1808300B25EFF /* NetworkManager.swift in Sources */,
				DA70C48D1ED39A9800619A40 /* MainTabBarViewController.swift in Sources */,
				DA70C4931ED3A04100619A40 /* FavoritesTableViewController.swift in Sources */,
				DA5DB3E41ED450C600FE5B05 /* WeatherDetailTableViewCell.swift in Sources */,
				DA7272291ECC0CFA002D9A75 /* WeatherViewController.swift in Sources */,
				DA70C4951ED3A1AD00619A40 /* FavoritesTableViewCell.swift in Sources */,
				DA2A23A21ED44EEC008554AB /* WeatherDetailViewController.swift in Sources */,
				DA2A239E1ED42FD0008554AB /* MainScreenViewController.swift in Sources */,
				DA2A239C1ED42FAB008554AB /* MainScreenTableViewCell.swift in Sources */,
				DA6B062C1ED1812C00B25EFF /* JSONParser.swift in Sources */,
				DA7272271ECC0CFA002D9A75 /* AppDelegate.swift in Sources */,
				DA6B062E1ED20C7600B25EFF /* Weather.swift in Sources */,
			);
			runOnlyForDeploymentPostprocessing = 0;
		};
/* End PBXSourcesBuildPhase section */

/* Begin PBXVariantGroup section */
		DA72722A1ECC0CFA002D9A75 /* Main.storyboard */ = {
			isa = PBXVariantGroup;
			children = (
				DA72722B1ECC0CFA002D9A75 /* Base */,
			);
			name = Main.storyboard;
			sourceTree = "<group>";
		};
		DA72722F1ECC0CFB002D9A75 /* LaunchScreen.storyboard */ = {
			isa = PBXVariantGroup;
			children = (
				DA7272301ECC0CFB002D9A75 /* Base */,
			);
			name = LaunchScreen.storyboard;
			sourceTree = "<group>";
		};
/* End PBXVariantGroup section */

/* Begin XCBuildConfiguration section */
		DA7272331ECC0CFB002D9A75 /* Debug */ = {
			isa = XCBuildConfiguration;
			buildSettings = {
				ALWAYS_SEARCH_USER_PATHS = NO;
				CLANG_ANALYZER_NONNULL = YES;
				CLANG_ANALYZER_NUMBER_OBJECT_CONVERSION = YES_AGGRESSIVE;
				CLANG_CXX_LANGUAGE_STANDARD = "gnu++0x";
				CLANG_CXX_LIBRARY = "libc++";
				CLANG_ENABLE_MODULES = YES;
				CLANG_ENABLE_OBJC_ARC = YES;
				CLANG_WARN_BOOL_CONVERSION = YES;
				CLANG_WARN_CONSTANT_CONVERSION = YES;
				CLANG_WARN_DIRECT_OBJC_ISA_USAGE = YES_ERROR;
				CLANG_WARN_DOCUMENTATION_COMMENTS = YES;
				CLANG_WARN_EMPTY_BODY = YES;
				CLANG_WARN_ENUM_CONVERSION = YES;
				CLANG_WARN_INFINITE_RECURSION = YES;
				CLANG_WARN_INT_CONVERSION = YES;
				CLANG_WARN_OBJC_ROOT_CLASS = YES_ERROR;
				CLANG_WARN_SUSPICIOUS_MOVE = YES;
				CLANG_WARN_UNREACHABLE_CODE = YES;
				CLANG_WARN__DUPLICATE_METHOD_MATCH = YES;
				"CODE_SIGN_IDENTITY[sdk=iphoneos*]" = "iPhone Developer";
				COPY_PHASE_STRIP = NO;
				DEBUG_INFORMATION_FORMAT = dwarf;
				ENABLE_STRICT_OBJC_MSGSEND = YES;
				ENABLE_TESTABILITY = YES;
				GCC_C_LANGUAGE_STANDARD = gnu99;
				GCC_DYNAMIC_NO_PIC = NO;
				GCC_NO_COMMON_BLOCKS = YES;
				GCC_OPTIMIZATION_LEVEL = 0;
				GCC_PREPROCESSOR_DEFINITIONS = (
					"DEBUG=1",
					"$(inherited)",
				);
				GCC_WARN_64_TO_32_BIT_CONVERSION = YES;
				GCC_WARN_ABOUT_RETURN_TYPE = YES_ERROR;
				GCC_WARN_UNDECLARED_SELECTOR = YES;
				GCC_WARN_UNINITIALIZED_AUTOS = YES_AGGRESSIVE;
				GCC_WARN_UNUSED_FUNCTION = YES;
				GCC_WARN_UNUSED_VARIABLE = YES;
				IPHONEOS_DEPLOYMENT_TARGET = 10.3;
				MTL_ENABLE_DEBUG_INFO = YES;
				ONLY_ACTIVE_ARCH = YES;
				SDKROOT = iphoneos;
				SWIFT_ACTIVE_COMPILATION_CONDITIONS = DEBUG;
				SWIFT_OPTIMIZATION_LEVEL = "-Onone";
				TARGETED_DEVICE_FAMILY = "1,2";
			};
			name = Debug;
		};
		DA7272341ECC0CFB002D9A75 /* Release */ = {
			isa = XCBuildConfiguration;
			buildSettings = {
				ALWAYS_SEARCH_USER_PATHS = NO;
				CLANG_ANALYZER_NONNULL = YES;
				CLANG_ANALYZER_NUMBER_OBJECT_CONVERSION = YES_AGGRESSIVE;
				CLANG_CXX_LANGUAGE_STANDARD = "gnu++0x";
				CLANG_CXX_LIBRARY = "libc++";
				CLANG_ENABLE_MODULES = YES;
				CLANG_ENABLE_OBJC_ARC = YES;
				CLANG_WARN_BOOL_CONVERSION = YES;
				CLANG_WARN_CONSTANT_CONVERSION = YES;
				CLANG_WARN_DIRECT_OBJC_ISA_USAGE = YES_ERROR;
				CLANG_WARN_DOCUMENTATION_COMMENTS = YES;
				CLANG_WARN_EMPTY_BODY = YES;
				CLANG_WARN_ENUM_CONVERSION = YES;
				CLANG_WARN_INFINITE_RECURSION = YES;
				CLANG_WARN_INT_CONVERSION = YES;
				CLANG_WARN_OBJC_ROOT_CLASS = YES_ERROR;
				CLANG_WARN_SUSPICIOUS_MOVE = YES;
				CLANG_WARN_UNREACHABLE_CODE = YES;
				CLANG_WARN__DUPLICATE_METHOD_MATCH = YES;
				"CODE_SIGN_IDENTITY[sdk=iphoneos*]" = "iPhone Developer";
				COPY_PHASE_STRIP = NO;
				DEBUG_INFORMATION_FORMAT = "dwarf-with-dsym";
				ENABLE_NS_ASSERTIONS = NO;
				ENABLE_STRICT_OBJC_MSGSEND = YES;
				GCC_C_LANGUAGE_STANDARD = gnu99;
				GCC_NO_COMMON_BLOCKS = YES;
				GCC_WARN_64_TO_32_BIT_CONVERSION = YES;
				GCC_WARN_ABOUT_RETURN_TYPE = YES_ERROR;
				GCC_WARN_UNDECLARED_SELECTOR = YES;
				GCC_WARN_UNINITIALIZED_AUTOS = YES_AGGRESSIVE;
				GCC_WARN_UNUSED_FUNCTION = YES;
				GCC_WARN_UNUSED_VARIABLE = YES;
				IPHONEOS_DEPLOYMENT_TARGET = 10.3;
				MTL_ENABLE_DEBUG_INFO = NO;
				SDKROOT = iphoneos;
				SWIFT_OPTIMIZATION_LEVEL = "-Owholemodule";
				TARGETED_DEVICE_FAMILY = "1,2";
				VALIDATE_PRODUCT = YES;
			};
			name = Release;
		};
		DA7272361ECC0CFB002D9A75 /* Debug */ = {
			isa = XCBuildConfiguration;
			baseConfigurationReference = 58A27EA42D702F57F2B459D3 /* Pods-ForecastApp.debug.xcconfig */;
			buildSettings = {
				ASSETCATALOG_COMPILER_APPICON_NAME = AppIcon;
				DEVELOPMENT_TEAM = WV7WWTD5PV;
				INFOPLIST_FILE = ForecastApp/Info.plist;
				LD_RUNPATH_SEARCH_PATHS = "$(inherited) @executable_path/Frameworks";
				PRODUCT_BUNDLE_IDENTIFIER = com.leomoondev.ForecastApp;
				PRODUCT_NAME = "$(TARGET_NAME)";
				SWIFT_VERSION = 3.0;
			};
			name = Debug;
		};
		DA7272371ECC0CFB002D9A75 /* Release */ = {
			isa = XCBuildConfiguration;
			baseConfigurationReference = 19BC3A04545263971C56339A /* Pods-ForecastApp.release.xcconfig */;
			buildSettings = {
				ASSETCATALOG_COMPILER_APPICON_NAME = AppIcon;
				DEVELOPMENT_TEAM = WV7WWTD5PV;
				INFOPLIST_FILE = ForecastApp/Info.plist;
				LD_RUNPATH_SEARCH_PATHS = "$(inherited) @executable_path/Frameworks";
				PRODUCT_BUNDLE_IDENTIFIER = com.leomoondev.ForecastApp;
				PRODUCT_NAME = "$(TARGET_NAME)";
				SWIFT_VERSION = 3.0;
			};
			name = Release;
		};
/* End XCBuildConfiguration section */

/* Begin XCConfigurationList section */
		DA72721E1ECC0CFA002D9A75 /* Build configuration list for PBXProject "ForecastApp" */ = {
			isa = XCConfigurationList;
			buildConfigurations = (
				DA7272331ECC0CFB002D9A75 /* Debug */,
				DA7272341ECC0CFB002D9A75 /* Release */,
			);
			defaultConfigurationIsVisible = 0;
			defaultConfigurationName = Release;
		};
		DA7272351ECC0CFB002D9A75 /* Build configuration list for PBXNativeTarget "ForecastApp" */ = {
			isa = XCConfigurationList;
			buildConfigurations = (
				DA7272361ECC0CFB002D9A75 /* Debug */,
				DA7272371ECC0CFB002D9A75 /* Release */,
			);
			defaultConfigurationIsVisible = 0;
			defaultConfigurationName = Release;
		};
/* End XCConfigurationList section */
	};
	rootObject = DA72721B1ECC0CFA002D9A75 /* Project object */;
}
